
Microsoft Visual Studio Solution File, Format Version 12.00
# Visual Studio for Mac
Project("{FAE04EC0-301F-11D3-BF4B-00C04F79EFBC}") = "3dpainiting", "Assembly-CSharp.csproj", "{F5D11B5A-2715-E509-F933-BA946C900B3C}"
EndProject
Project("{FAE04EC0-301F-11D3-BF4B-00C04F79EFBC}") = "3dpainiting", "Assembly-CSharp-Editor.csproj", "{652911FE-809B-AD81-00DF-325BE894C45C}"
EndProject
Global
	GlobalSection(SolutionConfigurationPlatforms) = preSolution
		Debug|Any CPU = Debug|Any CPU
		Release|Any CPU = Release|Any CPU
	EndGlobalSection
	GlobalSection(ProjectConfigurationPlatforms) = postSolution
		{F5D11B5A-2715-E509-F933-BA946C900B3C}.Debug|Any CPU.ActiveCfg = Debug|Any CPU
		{F5D11B5A-2715-E509-F933-BA946C900B3C}.Debug|Any CPU.Build.0 = Debug|Any CPU
		{F5D11B5A-2715-E509-F933-BA946C900B3C}.Release|Any CPU.ActiveCfg = Release|Any CPU
		{F5D11B5A-2715-E509-F933-BA946C900B3C}.Release|Any CPU.Build.0 = Release|Any CPU
		{652911FE-809B-AD81-00DF-325BE894C45C}.Debug|Any CPU.ActiveCfg = Debug|Any CPU
		{652911FE-809B-AD81-00DF-325BE894C45C}.Debug|Any CPU.Build.0 = Debug|Any CPU
		{652911FE-809B-AD81-00DF-325BE894C45C}.Release|Any CPU.ActiveCfg = Release|Any CPU
		{652911FE-809B-AD81-00DF-325BE894C45C}.Release|Any CPU.Build.0 = Release|Any CPU
	EndGlobalSection
	GlobalSection(SolutionProperties) = preSolution
		HideSolutionNode = FALSE
	EndGlobalSection
EndGlobal
